
Microsoft Visual Studio Solution File, Format Version 12.00
# Visual Studio Version 17
VisualStudioVersion = 17.6.33717.318
MinimumVisualStudioVersion = 10.0.40219.1
Project("{9A19103F-16F7-4668-BE54-9A1E7A4F7556}") = "Solid.DataAccess.Abstraction", "Solid.DataAccess.Abstraction\Solid.DataAccess.Abstraction.csproj", "{8AFE8426-F420-4D2A-99E3-FC3FA035983A}"
EndProject
Project("{9A19103F-16F7-4668-BE54-9A1E7A4F7556}") = "Solid.DataAccess.EfCore", "Solid.DataAccess.EfCore\Solid.DataAccess.EfCore.csproj", "{EEE3B4F8-995C-4797-A49E-DA2A58754034}"
EndProject
Global
	GlobalSection(SolutionConfigurationPlatforms) = preSolution
		Debug|Any CPU = Debug|Any CPU
		Release|Any CPU = Release|Any CPU
	EndGlobalSection
	GlobalSection(ProjectConfigurationPlatforms) = postSolution
		{8AFE8426-F420-4D2A-99E3-FC3FA035983A}.Debug|Any CPU.ActiveCfg = Debug|Any CPU
		{8AFE8426-F420-4D2A-99E3-FC3FA035983A}.Debug|Any CPU.Build.0 = Debug|Any CPU
		{8AFE8426-F420-4D2A-99E3-FC3FA035983A}.Release|Any CPU.ActiveCfg = Release|Any CPU
		{8AFE8426-F420-4D2A-99E3-FC3FA035983A}.Release|Any CPU.Build.0 = Release|Any CPU
		{EEE3B4F8-995C-4797-A49E-DA2A58754034}.Debug|Any CPU.ActiveCfg = Debug|Any CPU
		{EEE3B4F8-995C-4797-A49E-DA2A58754034}.Debug|Any CPU.Build.0 = Debug|Any CPU
		{EEE3B4F8-995C-4797-A49E-DA2A58754034}.Release|Any CPU.ActiveCfg = Release|Any CPU
		{EEE3B4F8-995C-4797-A49E-DA2A58754034}.Release|Any CPU.Build.0 = Release|Any CPU
	EndGlobalSection
	GlobalSection(SolutionProperties) = preSolution
		HideSolutionNode = FALSE
	EndGlobalSection
	GlobalSection(ExtensibilityGlobals) = postSolution
		SolutionGuid = {B8A25F79-7BB3-49CA-82CE-F8EAD2A3BF2E}
	EndGlobalSection
EndGlobal
